
Microsoft Visual Studio Solution File, Format Version 12.00
# Visual Studio Version 17
VisualStudioVersion = 17.9.34622.214
MinimumVisualStudioVersion = 10.0.40219.1
Project("{FAE04EC0-301F-11D3-BF4B-00C04F79EFBC}") = "webbantrasua", "webbantrasua\webbantrasua.csproj", "{93E88778-883F-4AE2-A025-DE4600CD6D3C}"
EndProject
Global
	GlobalSection(SolutionConfigurationPlatforms) = preSolution
		Debug|Any CPU = Debug|Any CPU
		Release|Any CPU = Release|Any CPU
	EndGlobalSection
	GlobalSection(ProjectConfigurationPlatforms) = postSolution
		{93E88778-883F-4AE2-A025-DE4600CD6D3C}.Debug|Any CPU.ActiveCfg = Debug|Any CPU
		{93E88778-883F-4AE2-A025-DE4600CD6D3C}.Debug|Any CPU.Build.0 = Debug|Any CPU
		{93E88778-883F-4AE2-A025-DE4600CD6D3C}.Release|Any CPU.ActiveCfg = Release|Any CPU
		{93E88778-883F-4AE2-A025-DE4600CD6D3C}.Release|Any CPU.Build.0 = Release|Any CPU
	EndGlobalSection
	GlobalSection(SolutionProperties) = preSolution
		HideSolutionNode = FALSE
	EndGlobalSection
	GlobalSection(ExtensibilityGlobals) = postSolution
		SolutionGuid = {A28BE7F2-3632-4CF8-A3D1-3FB6C4AEDABE}
	EndGlobalSection
EndGlobal
